
Microsoft Visual Studio Solution File, Format Version 12.00
# Visual Studio Version 17
VisualStudioVersion = 17.8.34511.84
MinimumVisualStudioVersion = 10.0.40219.1
Project("{FAE04EC0-301F-11D3-BF4B-00C04F79EFBC}") = "ArtGallery", "ArtGallery\ArtGallery.csproj", "{F1B050B4-7ACA-4E06-985E-E2DD57BB3D6B}"
EndProject
Global
	GlobalSection(SolutionConfigurationPlatforms) = preSolution
		Debug|Any CPU = Debug|Any CPU
		Release|Any CPU = Release|Any CPU
	EndGlobalSection
	GlobalSection(ProjectConfigurationPlatforms) = postSolution
		{F1B050B4-7ACA-4E06-985E-E2DD57BB3D6B}.Debug|Any CPU.ActiveCfg = Debug|Any CPU
		{F1B050B4-7ACA-4E06-985E-E2DD57BB3D6B}.Debug|Any CPU.Build.0 = Debug|Any CPU
		{F1B050B4-7ACA-4E06-985E-E2DD57BB3D6B}.Release|Any CPU.ActiveCfg = Release|Any CPU
		{F1B050B4-7ACA-4E06-985E-E2DD57BB3D6B}.Release|Any CPU.Build.0 = Release|Any CPU
	EndGlobalSection
	GlobalSection(SolutionProperties) = preSolution
		HideSolutionNode = FALSE
	EndGlobalSection
	GlobalSection(ExtensibilityGlobals) = postSolution
		SolutionGuid = {2ECED9B3-12C8-4B19-97B5-AEC5D2AA18CB}
	EndGlobalSection
EndGlobal
